// !$*UTF8*$!
{
	archiveVersion = 1;
	classes = {
	};
	objectVersion = 56;
	objects = {

/* Begin PBXFileReference section */
		9F6801212E48CCC2001B1067 /* Index.html */ = {isa = PBXFileReference; lastKnownFileType = text.html; path = Index.html; sourceTree = "<group>"; };
		9F6801342E4921FE001B1067 /* style.css */ = {isa = PBXFileReference; lastKnownFileType = text.css; path = style.css; sourceTree = "<group>"; };
		9F6801352E4922F3001B1067 /* about.html */ = {isa = PBXFileReference; lastKnownFileType = text.html; path = about.html; sourceTree = "<group>"; };
		9F6801362E4922F8001B1067 /* admin.html */ = {isa = PBXFileReference; lastKnownFileType = text.html; path = admin.html; sourceTree = "<group>"; };
		9F6801372E492302001B1067 /* contact.html */ = {isa = PBXFileReference; lastKnownFileType = text.html; path = contact.html; sourceTree = "<group>"; };
		9F6801382E492308001B1067 /* Product.html */ = {isa = PBXFileReference; lastKnownFileType = text.html; path = Product.html; sourceTree = "<group>"; };
		9F6801392E492316001B1067 /* Js.product.js */ = {isa = PBXFileReference; lastKnownFileType = sourcecode.javascript; path = Js.product.js; sourceTree = "<group>"; };
		9F68013A2E49231B001B1067 /* Js:admin.js */ = {isa = PBXFileReference; lastKnownFileType = sourcecode.javascript; path = "Js:admin.js"; sourceTree = "<group>"; };
		9F68013B2E49231F001B1067 /* Js:script.js */ = {isa = PBXFileReference; lastKnownFileType = sourcecode.javascript; path = "Js:script.js"; sourceTree = "<group>"; };
		9F68013C2E49E921001B1067 /* images */ = {isa = PBXFileReference; lastKnownFileType = folder; path = images; sourceTree = "<group>"; };
/* End PBXFileReference section */

/* Begin PBXGroup section */
		9F68011A2E48CC47001B1067 = {
			isa = PBXGroup;
			children = (
				9F6801212E48CCC2001B1067 /* Index.html */,
				9F6801342E4921FE001B1067 /* style.css */,
				9F6801352E4922F3001B1067 /* about.html */,
				9F6801362E4922F8001B1067 /* admin.html */,
				9F6801372E492302001B1067 /* contact.html */,
				9F6801382E492308001B1067 /* Product.html */,
				9F6801392E492316001B1067 /* Js.product.js */,
				9F68013A2E49231B001B1067 /* Js:admin.js */,
				9F68013B2E49231F001B1067 /* Js:script.js */,
				9F68013C2E49E921001B1067 /* images */,
			);
			sourceTree = "<group>";
		};
/* End PBXGroup section */

/* Begin PBXProject section */
		9F68011B2E48CC47001B1067 /* Project object */ = {
			isa = PBXProject;
			attributes = {
				BuildIndependentTargetsInParallel = 1;
				LastUpgradeCheck = 1420;
			};
			buildConfigurationList = 9F68011E2E48CC47001B1067 /* Build configuration list for PBXProject "werbseite" */;
			compatibilityVersion = "Xcode 14.0";
			developmentRegion = en;
			hasScannedForEncodings = 0;
			knownRegions = (
				en,
				Base,
			);
			mainGroup = 9F68011A2E48CC47001B1067;
			projectDirPath = "";
			projectRoot = "";
			targets = (
			);
		};
/* End PBXProject section */

/* Begin XCBuildConfiguration section */
		9F68011F2E48CC47001B1067 /* Debug */ = {
			isa = XCBuildConfiguration;
			buildSettings = {
			};
			name = Debug;
		};
		9F6801202E48CC47001B1067 /* Release */ = {
			isa = XCBuildConfiguration;
			buildSettings = {
			};
			name = Release;
		};
/* End XCBuildConfiguration section */

/* Begin XCConfigurationList section */
		9F68011E2E48CC47001B1067 /* Build configuration list for PBXProject "werbseite" */ = {
			isa = XCConfigurationList;
			buildConfigurations = (
				9F68011F2E48CC47001B1067 /* Debug */,
				9F6801202E48CC47001B1067 /* Release */,
			);
			defaultConfigurationIsVisible = 0;
			defaultConfigurationName = Release;
		};
/* End XCConfigurationList section */
	};
	rootObject = 9F68011B2E48CC47001B1067 /* Project object */;
}
